
Microsoft Visual Studio Solution File, Format Version 12.00
# Visual Studio Version 17
VisualStudioVersion = 17.3.32929.385
MinimumVisualStudioVersion = 10.0.40219.1
Project("{FAE04EC0-301F-11D3-BF4B-00C04F79EFBC}") = "CarrinhoCompras.Android", "CarrinhoCompras\CarrinhoCompras.Android\CarrinhoCompras.Android.csproj", "{11BCDD2C-727B-446E-944F-DECCD6626694}"
EndProject
Project("{FAE04EC0-301F-11D3-BF4B-00C04F79EFBC}") = "CarrinhoCompras", "CarrinhoCompras\CarrinhoCompras\CarrinhoCompras.csproj", "{9F88D55F-A8F3-4AE2-B55C-A3AA72DEACBB}"
EndProject
Global
	GlobalSection(SolutionConfigurationPlatforms) = preSolution
		Debug|Any CPU = Debug|Any CPU
		Release|Any CPU = Release|Any CPU
	EndGlobalSection
	GlobalSection(ProjectConfigurationPlatforms) = postSolution
		{11BCDD2C-727B-446E-944F-DECCD6626694}.Debug|Any CPU.ActiveCfg = Debug|Any CPU
		{11BCDD2C-727B-446E-944F-DECCD6626694}.Debug|Any CPU.Build.0 = Debug|Any CPU
		{11BCDD2C-727B-446E-944F-DECCD6626694}.Debug|Any CPU.Deploy.0 = Debug|Any CPU
		{11BCDD2C-727B-446E-944F-DECCD6626694}.Release|Any CPU.ActiveCfg = Release|Any CPU
		{11BCDD2C-727B-446E-944F-DECCD6626694}.Release|Any CPU.Build.0 = Release|Any CPU
		{11BCDD2C-727B-446E-944F-DECCD6626694}.Release|Any CPU.Deploy.0 = Release|Any CPU
		{9F88D55F-A8F3-4AE2-B55C-A3AA72DEACBB}.Debug|Any CPU.ActiveCfg = Debug|Any CPU
		{9F88D55F-A8F3-4AE2-B55C-A3AA72DEACBB}.Debug|Any CPU.Build.0 = Debug|Any CPU
		{9F88D55F-A8F3-4AE2-B55C-A3AA72DEACBB}.Debug|Any CPU.Deploy.0 = Debug|Any CPU
		{9F88D55F-A8F3-4AE2-B55C-A3AA72DEACBB}.Release|Any CPU.ActiveCfg = Release|Any CPU
		{9F88D55F-A8F3-4AE2-B55C-A3AA72DEACBB}.Release|Any CPU.Build.0 = Release|Any CPU
		{9F88D55F-A8F3-4AE2-B55C-A3AA72DEACBB}.Release|Any CPU.Deploy.0 = Release|Any CPU
	EndGlobalSection
	GlobalSection(SolutionProperties) = preSolution
		HideSolutionNode = FALSE
	EndGlobalSection
	GlobalSection(ExtensibilityGlobals) = postSolution
		SolutionGuid = {AA1613F8-949F-4D10-A2E7-B8FA85124F16}
	EndGlobalSection
EndGlobal
